// !$*UTF8*$!
{
	archiveVersion = 1;
	classes = {
	};
	objectVersion = 46;
	objects = {

/* Begin PBXBuildFile section */
		3C14D5BF1BA8A02F006F18FB /* minigame_controller.png in Resources */ = {isa = PBXBuildFile; fileRef = 3C14D5BE1BA8A02F006F18FB /* minigame_controller.png */; };
		3C4A75601BBDACEA001193A0 /* AF2HTTPRequestOperation.m in Sources */ = {isa = PBXBuildFile; fileRef = 3C4A754E1BBDACEA001193A0 /* AF2HTTPRequestOperation.m */; };
		3C4A75611BBDACEB001193A0 /* AF2HTTPRequestOperationManager.m in Sources */ = {isa = PBXBuildFile; fileRef = 3C4A75501BBDACEA001193A0 /* AF2HTTPRequestOperationManager.m */; };
		3C4A75621BBDACEB001193A0 /* AF2HTTPSessionManager.m in Sources */ = {isa = PBXBuildFile; fileRef = 3C4A75521BBDACEA001193A0 /* AF2HTTPSessionManager.m */; };
		3C4A75631BBDACEB001193A0 /* AF2NetworkReachabilityManager.m in Sources */ = {isa = PBXBuildFile; fileRef = 3C4A75551BBDACEA001193A0 /* AF2NetworkReachabilityManager.m */; };
		3C4A75641BBDACEB001193A0 /* AF2SecurityPolicy.m in Sources */ = {isa = PBXBuildFile; fileRef = 3C4A75571BBDACEA001193A0 /* AF2SecurityPolicy.m */; };
		3C4A75651BBDACEB001193A0 /* AF2URLConnectionOperation.m in Sources */ = {isa = PBXBuildFile; fileRef = 3C4A75591BBDACEA001193A0 /* AF2URLConnectionOperation.m */; };
		3C4A75661BBDACEB001193A0 /* AF2URLRequestSerialization.m in Sources */ = {isa = PBXBuildFile; fileRef = 3C4A755B1BBDACEA001193A0 /* AF2URLRequestSerialization.m */; };
		3C4A75671BBDACEB001193A0 /* AF2URLResponseSerialization.m in Sources */ = {isa = PBXBuildFile; fileRef = 3C4A755D1BBDACEA001193A0 /* AF2URLResponseSerialization.m */; };
		3C4A75681BBDACEB001193A0 /* AF2URLSessionManager.m in Sources */ = {isa = PBXBuildFile; fileRef = 3C4A755F1BBDACEA001193A0 /* AF2URLSessionManager.m */; };
		3C7B7BFC1C16379500627294 /* WebKit.framework in Frameworks */ = {isa = PBXBuildFile; fileRef = 3C7B7BFB1C16379500627294 /* WebKit.framework */; };
		3CB7F8A01C18D4B4003738A9 /* MNWebView.m in Sources */ = {isa = PBXBuildFile; fileRef = 3CB7F89F1C18D4B4003738A9 /* MNWebView.m */; };
		3CB9740F1BA88FAE00A159D4 /* main.m in Sources */ = {isa = PBXBuildFile; fileRef = 3CB9740E1BA88FAE00A159D4 /* main.m */; };
		3CB974121BA88FAE00A159D4 /* AppDelegate.m in Sources */ = {isa = PBXBuildFile; fileRef = 3CB974111BA88FAE00A159D4 /* AppDelegate.m */; };
		3CB974151BA88FAE00A159D4 /* ViewController.m in Sources */ = {isa = PBXBuildFile; fileRef = 3CB974141BA88FAE00A159D4 /* ViewController.m */; };
		3CB974181BA88FAE00A159D4 /* Main.storyboard in Resources */ = {isa = PBXBuildFile; fileRef = 3CB974161BA88FAE00A159D4 /* Main.storyboard */; };
		3CB9741A1BA88FAE00A159D4 /* Images.xcassets in Resources */ = {isa = PBXBuildFile; fileRef = 3CB974191BA88FAE00A159D4 /* Images.xcassets */; };
		3CB9741D1BA88FAE00A159D4 /* LaunchScreen.xib in Resources */ = {isa = PBXBuildFile; fileRef = 3CB9741B1BA88FAE00A159D4 /* LaunchScreen.xib */; };
		3CB974291BA88FAE00A159D4 /* mNectar_SDK_DemoTests.m in Sources */ = {isa = PBXBuildFile; fileRef = 3CB974281BA88FAE00A159D4 /* mNectar_SDK_DemoTests.m */; };
		3CB974431BA8903000A159D4 /* MNAdClient.m in Sources */ = {isa = PBXBuildFile; fileRef = 3CB974341BA8903000A159D4 /* MNAdClient.m */; };
		3CB974441BA8903000A159D4 /* MNDevice.m in Sources */ = {isa = PBXBuildFile; fileRef = 3CB974371BA8903000A159D4 /* MNDevice.m */; };
		3CB974451BA8903000A159D4 /* MNInterstitial.m in Sources */ = {isa = PBXBuildFile; fileRef = 3CB974391BA8903000A159D4 /* MNInterstitial.m */; };
		3CB974461BA8903000A159D4 /* MNMRAID.bundle in Resources */ = {isa = PBXBuildFile; fileRef = 3CB9743A1BA8903000A159D4 /* MNMRAID.bundle */; };
		3CB974471BA8903000A159D4 /* MNMRAIDBrowserViewController.m in Sources */ = {isa = PBXBuildFile; fileRef = 3CB9743C1BA8903000A159D4 /* MNMRAIDBrowserViewController.m */; };
		3CB974481BA8903000A159D4 /* MNMRAIDInterstitialViewController.m in Sources */ = {isa = PBXBuildFile; fileRef = 3CB9743E1BA8903000A159D4 /* MNMRAIDInterstitialViewController.m */; };
		3CB974491BA8903000A159D4 /* MNMRAIDView.m in Sources */ = {isa = PBXBuildFile; fileRef = 3CB974401BA8903000A159D4 /* MNMRAIDView.m */; };
		3CB9744A1BA8903000A159D4 /* MNRewardable.m in Sources */ = {isa = PBXBuildFile; fileRef = 3CB974421BA8903000A159D4 /* MNRewardable.m */; };
/* End PBXBuildFile section */

/* Begin PBXContainerItemProxy section */
		3CB974231BA88FAE00A159D4 /* PBXContainerItemProxy */ = {
			isa = PBXContainerItemProxy;
			containerPortal = 3CB974011BA88FAE00A159D4 /* Project object */;
			proxyType = 1;
			remoteGlobalIDString = 3CB974081BA88FAE00A159D4;
			remoteInfo = "mNectar SDK Demo";
		};
/* End PBXContainerItemProxy section */

/* Begin PBXFileReference section */
		3C14D5BE1BA8A02F006F18FB /* minigame_controller.png */ = {isa = PBXFileReference; lastKnownFileType = image.png; path = minigame_controller.png; sourceTree = "<group>"; };
		3C4A754D1BBDACEA001193A0 /* AF2HTTPRequestOperation.h */ = {isa = PBXFileReference; fileEncoding = 4; lastKnownFileType = sourcecode.c.h; path = AF2HTTPRequestOperation.h; sourceTree = "<group>"; };
		3C4A754E1BBDACEA001193A0 /* AF2HTTPRequestOperation.m */ = {isa = PBXFileReference; fileEncoding = 4; lastKnownFileType = sourcecode.c.objc; path = AF2HTTPRequestOperation.m; sourceTree = "<group>"; };
		3C4A754F1BBDACEA001193A0 /* AF2HTTPRequestOperationManager.h */ = {isa = PBXFileReference; fileEncoding = 4; lastKnownFileType = sourcecode.c.h; path = AF2HTTPRequestOperationManager.h; sourceTree = "<group>"; };
		3C4A75501BBDACEA001193A0 /* AF2HTTPRequestOperationManager.m */ = {isa = PBXFileReference; fileEncoding = 4; lastKnownFileType = sourcecode.c.objc; path = AF2HTTPRequestOperationManager.m; sourceTree = "<group>"; };
		3C4A75511BBDACEA001193A0 /* AF2HTTPSessionManager.h */ = {isa = PBXFileReference; fileEncoding = 4; lastKnownFileType = sourcecode.c.h; path = AF2HTTPSessionManager.h; sourceTree = "<group>"; };
		3C4A75521BBDACEA001193A0 /* AF2HTTPSessionManager.m */ = {isa = PBXFileReference; fileEncoding = 4; lastKnownFileType = sourcecode.c.objc; path = AF2HTTPSessionManager.m; sourceTree = "<group>"; };
		3C4A75531BBDACEA001193A0 /* AF2Networking.h */ = {isa = PBXFileReference; fileEncoding = 4; lastKnownFileType = sourcecode.c.h; path = AF2Networking.h; sourceTree = "<group>"; };
		3C4A75541BBDACEA001193A0 /* AF2NetworkReachabilityManager.h */ = {isa = PBXFileReference; fileEncoding = 4; lastKnownFileType = sourcecode.c.h; path = AF2NetworkReachabilityManager.h; sourceTree = "<group>"; };
		3C4A75551BBDACEA001193A0 /* AF2NetworkReachabilityManager.m */ = {isa = PBXFileReference; fileEncoding = 4; lastKnownFileType = sourcecode.c.objc; path = AF2NetworkReachabilityManager.m; sourceTree = "<group>"; };
		3C4A75561BBDACEA001193A0 /* AF2SecurityPolicy.h */ = {isa = PBXFileReference; fileEncoding = 4; lastKnownFileType = sourcecode.c.h; path = AF2SecurityPolicy.h; sourceTree = "<group>"; };
		3C4A75571BBDACEA001193A0 /* AF2SecurityPolicy.m */ = {isa = PBXFileReference; fileEncoding = 4; lastKnownFileType = sourcecode.c.objc; path = AF2SecurityPolicy.m; sourceTree = "<group>"; };
		3C4A75581BBDACEA001193A0 /* AF2URLConnectionOperation.h */ = {isa = PBXFileReference; fileEncoding = 4; lastKnownFileType = sourcecode.c.h; path = AF2URLConnectionOperation.h; sourceTree = "<group>"; };
		3C4A75591BBDACEA001193A0 /* AF2URLConnectionOperation.m */ = {isa = PBXFileReference; fileEncoding = 4; lastKnownFileType = sourcecode.c.objc; path = AF2URLConnectionOperation.m; sourceTree = "<group>"; };
		3C4A755A1BBDACEA001193A0 /* AF2URLRequestSerialization.h */ = {isa = PBXFileReference; fileEncoding = 4; lastKnownFileType = sourcecode.c.h; path = AF2URLRequestSerialization.h; sourceTree = "<group>"; };
		3C4A755B1BBDACEA001193A0 /* AF2URLRequestSerialization.m */ = {isa = PBXFileReference; fileEncoding = 4; lastKnownFileType = sourcecode.c.objc; path = AF2URLRequestSerialization.m; sourceTree = "<group>"; };
		3C4A755C1BBDACEA001193A0 /* AF2URLResponseSerialization.h */ = {isa = PBXFileReference; fileEncoding = 4; lastKnownFileType = sourcecode.c.h; path = AF2URLResponseSerialization.h; sourceTree = "<group>"; };
		3C4A755D1BBDACEA001193A0 /* AF2URLResponseSerialization.m */ = {isa = PBXFileReference; fileEncoding = 4; lastKnownFileType = sourcecode.c.objc; path = AF2URLResponseSerialization.m; sourceTree = "<group>"; };
		3C4A755E1BBDACEA001193A0 /* AF2URLSessionManager.h */ = {isa = PBXFileReference; fileEncoding = 4; lastKnownFileType = sourcecode.c.h; path = AF2URLSessionManager.h; sourceTree = "<group>"; };
		3C4A755F1BBDACEA001193A0 /* AF2URLSessionManager.m */ = {isa = PBXFileReference; fileEncoding = 4; lastKnownFileType = sourcecode.c.objc; path = AF2URLSessionManager.m; sourceTree = "<group>"; };
		3C7B7BFB1C16379500627294 /* WebKit.framework */ = {isa = PBXFileReference; lastKnownFileType = wrapper.framework; name = WebKit.framework; path = System/Library/Frameworks/WebKit.framework; sourceTree = SDKROOT; };
		3CB7F89E1C18D4B4003738A9 /* MNWebView.h */ = {isa = PBXFileReference; fileEncoding = 4; lastKnownFileType = sourcecode.c.h; path = MNWebView.h; sourceTree = "<group>"; };
		3CB7F89F1C18D4B4003738A9 /* MNWebView.m */ = {isa = PBXFileReference; fileEncoding = 4; lastKnownFileType = sourcecode.c.objc; path = MNWebView.m; sourceTree = "<group>"; };
		3CB974091BA88FAE00A159D4 /* mNectar SDK Demo.app */ = {isa = PBXFileReference; explicitFileType = wrapper.application; includeInIndex = 0; path = "mNectar SDK Demo.app"; sourceTree = BUILT_PRODUCTS_DIR; };
		3CB9740D1BA88FAE00A159D4 /* Info.plist */ = {isa = PBXFileReference; lastKnownFileType = text.plist.xml; path = Info.plist; sourceTree = "<group>"; };
		3CB9740E1BA88FAE00A159D4 /* main.m */ = {isa = PBXFileReference; lastKnownFileType = sourcecode.c.objc; path = main.m; sourceTree = "<group>"; };
		3CB974101BA88FAE00A159D4 /* AppDelegate.h */ = {isa = PBXFileReference; lastKnownFileType = sourcecode.c.h; path = AppDelegate.h; sourceTree = "<group>"; };
		3CB974111BA88FAE00A159D4 /* AppDelegate.m */ = {isa = PBXFileReference; lastKnownFileType = sourcecode.c.objc; path = AppDelegate.m; sourceTree = "<group>"; };
		3CB974131BA88FAE00A159D4 /* ViewController.h */ = {isa = PBXFileReference; lastKnownFileType = sourcecode.c.h; path = ViewController.h; sourceTree = "<group>"; };
		3CB974141BA88FAE00A159D4 /* ViewController.m */ = {isa = PBXFileReference; lastKnownFileType = sourcecode.c.objc; path = ViewController.m; sourceTree = "<group>"; };
		3CB974171BA88FAE00A159D4 /* Base */ = {isa = PBXFileReference; lastKnownFileType = file.storyboard; name = Base; path = Base.lproj/Main.storyboard; sourceTree = "<group>"; };
		3CB974191BA88FAE00A159D4 /* Images.xcassets */ = {isa = PBXFileReference; lastKnownFileType = folder.assetcatalog; path = Images.xcassets; sourceTree = "<group>"; };
		3CB9741C1BA88FAE00A159D4 /* Base */ = {isa = PBXFileReference; lastKnownFileType = file.xib; name = Base; path = Base.lproj/LaunchScreen.xib; sourceTree = "<group>"; };
		3CB974221BA88FAE00A159D4 /* mNectar SDK DemoTests.xctest */ = {isa = PBXFileReference; explicitFileType = wrapper.cfbundle; includeInIndex = 0; path = "mNectar SDK DemoTests.xctest"; sourceTree = BUILT_PRODUCTS_DIR; };
		3CB974271BA88FAE00A159D4 /* Info.plist */ = {isa = PBXFileReference; lastKnownFileType = text.plist.xml; path = Info.plist; sourceTree = "<group>"; };
		3CB974281BA88FAE00A159D4 /* mNectar_SDK_DemoTests.m */ = {isa = PBXFileReference; lastKnownFileType = sourcecode.c.objc; path = mNectar_SDK_DemoTests.m; sourceTree = "<group>"; };
		3CB974331BA8903000A159D4 /* MNAdClient.h */ = {isa = PBXFileReference; fileEncoding = 4; lastKnownFileType = sourcecode.c.h; path = MNAdClient.h; sourceTree = "<group>"; };
		3CB974341BA8903000A159D4 /* MNAdClient.m */ = {isa = PBXFileReference; fileEncoding = 4; lastKnownFileType = sourcecode.c.objc; path = MNAdClient.m; sourceTree = "<group>"; };
		3CB974351BA8903000A159D4 /* MNConstants.h */ = {isa = PBXFileReference; fileEncoding = 4; lastKnownFileType = sourcecode.c.h; path = MNConstants.h; sourceTree = "<group>"; };
		3CB974361BA8903000A159D4 /* MNDevice.h */ = {isa = PBXFileReference; fileEncoding = 4; lastKnownFileType = sourcecode.c.h; path = MNDevice.h; sourceTree = "<group>"; };
		3CB974371BA8903000A159D4 /* MNDevice.m */ = {isa = PBXFileReference; fileEncoding = 4; lastKnownFileType = sourcecode.c.objc; path = MNDevice.m; sourceTree = "<group>"; };
		3CB974381BA8903000A159D4 /* MNInterstitial.h */ = {isa = PBXFileReference; fileEncoding = 4; lastKnownFileType = sourcecode.c.h; path = MNInterstitial.h; sourceTree = "<group>"; };
		3CB974391BA8903000A159D4 /* MNInterstitial.m */ = {isa = PBXFileReference; fileEncoding = 4; lastKnownFileType = sourcecode.c.objc; path = MNInterstitial.m; sourceTree = "<group>"; };
		3CB9743A1BA8903000A159D4 /* MNMRAID.bundle */ = {isa = PBXFileReference; lastKnownFileType = "wrapper.plug-in"; path = MNMRAID.bundle; sourceTree = "<group>"; };
		3CB9743B1BA8903000A159D4 /* MNMRAIDBrowserViewController.h */ = {isa = PBXFileReference; fileEncoding = 4; lastKnownFileType = sourcecode.c.h; path = MNMRAIDBrowserViewController.h; sourceTree = "<group>"; };
		3CB9743C1BA8903000A159D4 /* MNMRAIDBrowserViewController.m */ = {isa = PBXFileReference; fileEncoding = 4; lastKnownFileType = sourcecode.c.objc; path = MNMRAIDBrowserViewController.m; sourceTree = "<group>"; };
		3CB9743D1BA8903000A159D4 /* MNMRAIDInterstitialViewController.h */ = {isa = PBXFileReference; fileEncoding = 4; lastKnownFileType = sourcecode.c.h; path = MNMRAIDInterstitialViewController.h; sourceTree = "<group>"; };
		3CB9743E1BA8903000A159D4 /* MNMRAIDInterstitialViewController.m */ = {isa = PBXFileReference; fileEncoding = 4; lastKnownFileType = sourcecode.c.objc; path = MNMRAIDInterstitialViewController.m; sourceTree = "<group>"; };
		3CB9743F1BA8903000A159D4 /* MNMRAIDView.h */ = {isa = PBXFileReference; fileEncoding = 4; lastKnownFileType = sourcecode.c.h; path = MNMRAIDView.h; sourceTree = "<group>"; };
		3CB974401BA8903000A159D4 /* MNMRAIDView.m */ = {isa = PBXFileReference; fileEncoding = 4; lastKnownFileType = sourcecode.c.objc; path = MNMRAIDView.m; sourceTree = "<group>"; };
		3CB974411BA8903000A159D4 /* MNRewardable.h */ = {isa = PBXFileReference; fileEncoding = 4; lastKnownFileType = sourcecode.c.h; path = MNRewardable.h; sourceTree = "<group>"; };
		3CB974421BA8903000A159D4 /* MNRewardable.m */ = {isa = PBXFileReference; fileEncoding = 4; lastKnownFileType = sourcecode.c.objc; path = MNRewardable.m; sourceTree = "<group>"; };
/* End PBXFileReference section */

/* Begin PBXFrameworksBuildPhase section */
		3CB974061BA88FAE00A159D4 /* Frameworks */ = {
			isa = PBXFrameworksBuildPhase;
			buildActionMask = 2147483647;
			files = (
				3C7B7BFC1C16379500627294 /* WebKit.framework in Frameworks */,
			);
			runOnlyForDeploymentPostprocessing = 0;
		};
		3CB9741F1BA88FAE00A159D4 /* Frameworks */ = {
			isa = PBXFrameworksBuildPhase;
			buildActionMask = 2147483647;
			files = (
			);
			runOnlyForDeploymentPostprocessing = 0;
		};
/* End PBXFrameworksBuildPhase section */

/* Begin PBXGroup section */
		3C4A754C1BBDACEA001193A0 /* AFNetworking */ = {
			isa = PBXGroup;
			children = (
				3C4A754D1BBDACEA001193A0 /* AF2HTTPRequestOperation.h */,
				3C4A754E1BBDACEA001193A0 /* AF2HTTPRequestOperation.m */,
				3C4A754F1BBDACEA001193A0 /* AF2HTTPRequestOperationManager.h */,
				3C4A75501BBDACEA001193A0 /* AF2HTTPRequestOperationManager.m */,
				3C4A75511BBDACEA001193A0 /* AF2HTTPSessionManager.h */,
				3C4A75521BBDACEA001193A0 /* AF2HTTPSessionManager.m */,
				3C4A75531BBDACEA001193A0 /* AF2Networking.h */,
				3C4A75541BBDACEA001193A0 /* AF2NetworkReachabilityManager.h */,
				3C4A75551BBDACEA001193A0 /* AF2NetworkReachabilityManager.m */,
				3C4A75561BBDACEA001193A0 /* AF2SecurityPolicy.h */,
				3C4A75571BBDACEA001193A0 /* AF2SecurityPolicy.m */,
				3C4A75581BBDACEA001193A0 /* AF2URLConnectionOperation.h */,
				3C4A75591BBDACEA001193A0 /* AF2URLConnectionOperation.m */,
				3C4A755A1BBDACEA001193A0 /* AF2URLRequestSerialization.h */,
				3C4A755B1BBDACEA001193A0 /* AF2URLRequestSerialization.m */,
				3C4A755C1BBDACEA001193A0 /* AF2URLResponseSerialization.h */,
				3C4A755D1BBDACEA001193A0 /* AF2URLResponseSerialization.m */,
				3C4A755E1BBDACEA001193A0 /* AF2URLSessionManager.h */,
				3C4A755F1BBDACEA001193A0 /* AF2URLSessionManager.m */,
			);
			name = AFNetworking;
			path = ../AFNetworking;
			sourceTree = "<group>";
		};
		3CB974001BA88FAE00A159D4 = {
			isa = PBXGroup;
			children = (
				3C7B7BFB1C16379500627294 /* WebKit.framework */,
				3C4A754C1BBDACEA001193A0 /* AFNetworking */,
				3CB974321BA8903000A159D4 /* mNectar iOS SDK */,
				3CB9740B1BA88FAE00A159D4 /* mNectar SDK Demo */,
				3CB974251BA88FAE00A159D4 /* mNectar SDK DemoTests */,
				3CB9740A1BA88FAE00A159D4 /* Products */,
			);
			sourceTree = "<group>";
		};
		3CB9740A1BA88FAE00A159D4 /* Products */ = {
			isa = PBXGroup;
			children = (
				3CB974091BA88FAE00A159D4 /* mNectar SDK Demo.app */,
				3CB974221BA88FAE00A159D4 /* mNectar SDK DemoTests.xctest */,
			);
			name = Products;
			sourceTree = "<group>";
		};
		3CB9740B1BA88FAE00A159D4 /* mNectar SDK Demo */ = {
			isa = PBXGroup;
			children = (
				3CB974101BA88FAE00A159D4 /* AppDelegate.h */,
				3CB974111BA88FAE00A159D4 /* AppDelegate.m */,
				3CB974131BA88FAE00A159D4 /* ViewController.h */,
				3CB974141BA88FAE00A159D4 /* ViewController.m */,
				3CB974161BA88FAE00A159D4 /* Main.storyboard */,
				3CB974191BA88FAE00A159D4 /* Images.xcassets */,
				3CB9741B1BA88FAE00A159D4 /* LaunchScreen.xib */,
				3CB9740C1BA88FAE00A159D4 /* Supporting Files */,
			);
			path = "mNectar SDK Demo";
			sourceTree = "<group>";
		};
		3CB9740C1BA88FAE00A159D4 /* Supporting Files */ = {
			isa = PBXGroup;
			children = (
				3C14D5BE1BA8A02F006F18FB /* minigame_controller.png */,
				3CB9740D1BA88FAE00A159D4 /* Info.plist */,
				3CB9740E1BA88FAE00A159D4 /* main.m */,
			);
			name = "Supporting Files";
			sourceTree = "<group>";
		};
		3CB974251BA88FAE00A159D4 /* mNectar SDK DemoTests */ = {
			isa = PBXGroup;
			children = (
				3CB974281BA88FAE00A159D4 /* mNectar_SDK_DemoTests.m */,
				3CB974261BA88FAE00A159D4 /* Supporting Files */,
			);
			path = "mNectar SDK DemoTests";
			sourceTree = "<group>";
		};
		3CB974261BA88FAE00A159D4 /* Supporting Files */ = {
			isa = PBXGroup;
			children = (
				3CB974271BA88FAE00A159D4 /* Info.plist */,
			);
			name = "Supporting Files";
			sourceTree = "<group>";
		};
		3CB974321BA8903000A159D4 /* mNectar iOS SDK */ = {
			isa = PBXGroup;
			children = (
				3CB974331BA8903000A159D4 /* MNAdClient.h */,
				3CB974341BA8903000A159D4 /* MNAdClient.m */,
				3CB974351BA8903000A159D4 /* MNConstants.h */,
				3CB974361BA8903000A159D4 /* MNDevice.h */,
				3CB974371BA8903000A159D4 /* MNDevice.m */,
				3CB7F89E1C18D4B4003738A9 /* MNWebView.h */,
				3CB7F89F1C18D4B4003738A9 /* MNWebView.m */,
				3CB974381BA8903000A159D4 /* MNInterstitial.h */,
				3CB974391BA8903000A159D4 /* MNInterstitial.m */,
				3CB9743A1BA8903000A159D4 /* MNMRAID.bundle */,
				3CB9743B1BA8903000A159D4 /* MNMRAIDBrowserViewController.h */,
				3CB9743C1BA8903000A159D4 /* MNMRAIDBrowserViewController.m */,
				3CB9743D1BA8903000A159D4 /* MNMRAIDInterstitialViewController.h */,
				3CB9743E1BA8903000A159D4 /* MNMRAIDInterstitialViewController.m */,
				3CB9743F1BA8903000A159D4 /* MNMRAIDView.h */,
				3CB974401BA8903000A159D4 /* MNMRAIDView.m */,
				3CB974411BA8903000A159D4 /* MNRewardable.h */,
				3CB974421BA8903000A159D4 /* MNRewardable.m */,
			);
			name = "mNectar iOS SDK";
			path = "../mNectar iOS SDK";
			sourceTree = "<group>";
		};
/* End PBXGroup section */

/* Begin PBXNativeTarget section */
		3CB974081BA88FAE00A159D4 /* mNectar SDK Demo */ = {
			isa = PBXNativeTarget;
			buildConfigurationList = 3CB9742C1BA88FAF00A159D4 /* Build configuration list for PBXNativeTarget "mNectar SDK Demo" */;
			buildPhases = (
				3CB974051BA88FAE00A159D4 /* Sources */,
				3CB974061BA88FAE00A159D4 /* Frameworks */,
				3CB974071BA88FAE00A159D4 /* Resources */,
			);
			buildRules = (
			);
			dependencies = (
			);
			name = "mNectar SDK Demo";
			productName = "mNectar SDK Demo";
			productReference = 3CB974091BA88FAE00A159D4 /* mNectar SDK Demo.app */;
			productType = "com.apple.product-type.application";
		};
		3CB974211BA88FAE00A159D4 /* mNectar SDK DemoTests */ = {
			isa = PBXNativeTarget;
			buildConfigurationList = 3CB9742F1BA88FAF00A159D4 /* Build configuration list for PBXNativeTarget "mNectar SDK DemoTests" */;
			buildPhases = (
				3CB9741E1BA88FAE00A159D4 /* Sources */,
				3CB9741F1BA88FAE00A159D4 /* Frameworks */,
				3CB974201BA88FAE00A159D4 /* Resources */,
			);
			buildRules = (
			);
			dependencies = (
				3CB974241BA88FAE00A159D4 /* PBXTargetDependency */,
			);
			name = "mNectar SDK DemoTests";
			productName = "mNectar SDK DemoTests";
			productReference = 3CB974221BA88FAE00A159D4 /* mNectar SDK DemoTests.xctest */;
			productType = "com.apple.product-type.bundle.unit-test";
		};
/* End PBXNativeTarget section */

/* Begin PBXProject section */
		3CB974011BA88FAE00A159D4 /* Project object */ = {
			isa = PBXProject;
			attributes = {
				LastUpgradeCheck = 0640;
				ORGANIZATIONNAME = mNectar;
				TargetAttributes = {
					3CB974081BA88FAE00A159D4 = {
						CreatedOnToolsVersion = 6.4;
						DevelopmentTeam = HR7T8FLA72;
					};
					3CB974211BA88FAE00A159D4 = {
						CreatedOnToolsVersion = 6.4;
						TestTargetID = 3CB974081BA88FAE00A159D4;
					};
				};
			};
			buildConfigurationList = 3CB974041BA88FAE00A159D4 /* Build configuration list for PBXProject "mNectar SDK Demo" */;
			compatibilityVersion = "Xcode 3.2";
			developmentRegion = English;
			hasScannedForEncodings = 0;
			knownRegions = (
				en,
				Base,
			);
			mainGroup = 3CB974001BA88FAE00A159D4;
			productRefGroup = 3CB9740A1BA88FAE00A159D4 /* Products */;
			projectDirPath = "";
			projectRoot = "";
			targets = (
				3CB974081BA88FAE00A159D4 /* mNectar SDK Demo */,
				3CB974211BA88FAE00A159D4 /* mNectar SDK DemoTests */,
			);
		};
/* End PBXProject section */

/* Begin PBXResourcesBuildPhase section */
		3CB974071BA88FAE00A159D4 /* Resources */ = {
			isa = PBXResourcesBuildPhase;
			buildActionMask = 2147483647;
			files = (
				3CB974181BA88FAE00A159D4 /* Main.storyboard in Resources */,
				3C14D5BF1BA8A02F006F18FB /* minigame_controller.png in Resources */,
				3CB9741D1BA88FAE00A159D4 /* LaunchScreen.xib in Resources */,
				3CB974461BA8903000A159D4 /* MNMRAID.bundle in Resources */,
				3CB9741A1BA88FAE00A159D4 /* Images.xcassets in Resources */,
			);
			runOnlyForDeploymentPostprocessing = 0;
		};
		3CB974201BA88FAE00A159D4 /* Resources */ = {
			isa = PBXResourcesBuildPhase;
			buildActionMask = 2147483647;
			files = (
			);
			runOnlyForDeploymentPostprocessing = 0;
		};
/* End PBXResourcesBuildPhase section */

/* Begin PBXSourcesBuildPhase section */
		3CB974051BA88FAE00A159D4 /* Sources */ = {
			isa = PBXSourcesBuildPhase;
			buildActionMask = 2147483647;
			files = (
				3CB974151BA88FAE00A159D4 /* ViewController.m in Sources */,
				3C4A75631BBDACEB001193A0 /* AF2NetworkReachabilityManager.m in Sources */,
				3CB974491BA8903000A159D4 /* MNMRAIDView.m in Sources */,
				3C4A75651BBDACEB001193A0 /* AF2URLConnectionOperation.m in Sources */,
				3C4A75611BBDACEB001193A0 /* AF2HTTPRequestOperationManager.m in Sources */,
				3CB974481BA8903000A159D4 /* MNMRAIDInterstitialViewController.m in Sources */,
				3CB974471BA8903000A159D4 /* MNMRAIDBrowserViewController.m in Sources */,
				3C4A75641BBDACEB001193A0 /* AF2SecurityPolicy.m in Sources */,
				3C4A75621BBDACEB001193A0 /* AF2HTTPSessionManager.m in Sources */,
				3CB974121BA88FAE00A159D4 /* AppDelegate.m in Sources */,
				3CB7F8A01C18D4B4003738A9 /* MNWebView.m in Sources */,
				3CB974451BA8903000A159D4 /* MNInterstitial.m in Sources */,
				3C4A75681BBDACEB001193A0 /* AF2URLSessionManager.m in Sources */,
				3CB974431BA8903000A159D4 /* MNAdClient.m in Sources */,
				3C4A75601BBDACEA001193A0 /* AF2HTTPRequestOperation.m in Sources */,
				3C4A75671BBDACEB001193A0 /* AF2URLResponseSerialization.m in Sources */,
				3C4A75661BBDACEB001193A0 /* AF2URLRequestSerialization.m in Sources */,
				3CB974441BA8903000A159D4 /* MNDevice.m in Sources */,
				3CB9740F1BA88FAE00A159D4 /* main.m in Sources */,
				3CB9744A1BA8903000A159D4 /* MNRewardable.m in Sources */,
			);
			runOnlyForDeploymentPostprocessing = 0;
		};
		3CB9741E1BA88FAE00A159D4 /* Sources */ = {
			isa = PBXSourcesBuildPhase;
			buildActionMask = 2147483647;
			files = (
				3CB974291BA88FAE00A159D4 /* mNectar_SDK_DemoTests.m in Sources */,
			);
			runOnlyForDeploymentPostprocessing = 0;
		};
/* End PBXSourcesBuildPhase section */

/* Begin PBXTargetDependency section */
		3CB974241BA88FAE00A159D4 /* PBXTargetDependency */ = {
			isa = PBXTargetDependency;
			target = 3CB974081BA88FAE00A159D4 /* mNectar SDK Demo */;
			targetProxy = 3CB974231BA88FAE00A159D4 /* PBXContainerItemProxy */;
		};
/* End PBXTargetDependency section */

/* Begin PBXVariantGroup section */
		3CB974161BA88FAE00A159D4 /* Main.storyboard */ = {
			isa = PBXVariantGroup;
			children = (
				3CB974171BA88FAE00A159D4 /* Base */,
			);
			name = Main.storyboard;
			sourceTree = "<group>";
		};
		3CB9741B1BA88FAE00A159D4 /* LaunchScreen.xib */ = {
			isa = PBXVariantGroup;
			children = (
				3CB9741C1BA88FAE00A159D4 /* Base */,
			);
			name = LaunchScreen.xib;
			sourceTree = "<group>";
		};
/* End PBXVariantGroup section */

/* Begin XCBuildConfiguration section */
		3CB9742A1BA88FAE00A159D4 /* Debug */ = {
			isa = XCBuildConfiguration;
			buildSettings = {
				ALWAYS_SEARCH_USER_PATHS = NO;
				CLANG_CXX_LANGUAGE_STANDARD = "gnu++0x";
				CLANG_CXX_LIBRARY = "libc++";
				CLANG_ENABLE_MODULES = YES;
				CLANG_ENABLE_OBJC_ARC = YES;
				CLANG_WARN_BOOL_CONVERSION = YES;
				CLANG_WARN_CONSTANT_CONVERSION = YES;
				CLANG_WARN_DIRECT_OBJC_ISA_USAGE = YES_ERROR;
				CLANG_WARN_EMPTY_BODY = YES;
				CLANG_WARN_ENUM_CONVERSION = YES;
				CLANG_WARN_INT_CONVERSION = YES;
				CLANG_WARN_OBJC_ROOT_CLASS = YES_ERROR;
				CLANG_WARN_UNREACHABLE_CODE = YES;
				CLANG_WARN__DUPLICATE_METHOD_MATCH = YES;
				"CODE_SIGN_IDENTITY[sdk=iphoneos*]" = "iPhone Developer";
				COPY_PHASE_STRIP = NO;
				DEBUG_INFORMATION_FORMAT = "dwarf-with-dsym";
				ENABLE_STRICT_OBJC_MSGSEND = YES;
				GCC_C_LANGUAGE_STANDARD = gnu99;
				GCC_DYNAMIC_NO_PIC = NO;
				GCC_NO_COMMON_BLOCKS = YES;
				GCC_OPTIMIZATION_LEVEL = 0;
				GCC_PREPROCESSOR_DEFINITIONS = (
					"DEBUG=1",
					"$(inherited)",
				);
				GCC_SYMBOLS_PRIVATE_EXTERN = NO;
				GCC_WARN_64_TO_32_BIT_CONVERSION = YES;
				GCC_WARN_ABOUT_RETURN_TYPE = YES_ERROR;
				GCC_WARN_UNDECLARED_SELECTOR = YES;
				GCC_WARN_UNINITIALIZED_AUTOS = YES_AGGRESSIVE;
				GCC_WARN_UNUSED_FUNCTION = YES;
				GCC_WARN_UNUSED_VARIABLE = YES;
				IPHONEOS_DEPLOYMENT_TARGET = 8.4;
				MTL_ENABLE_DEBUG_INFO = YES;
				ONLY_ACTIVE_ARCH = YES;
				SDKROOT = iphoneos;
				TARGETED_DEVICE_FAMILY = "1,2";
			};
			name = Debug;
		};
		3CB9742B1BA88FAE00A159D4 /* Release */ = {
			isa = XCBuildConfiguration;
			buildSettings = {
				ALWAYS_SEARCH_USER_PATHS = NO;
				CLANG_CXX_LANGUAGE_STANDARD = "gnu++0x";
				CLANG_CXX_LIBRARY = "libc++";
				CLANG_ENABLE_MODULES = YES;
				CLANG_ENABLE_OBJC_ARC = YES;
				CLANG_WARN_BOOL_CONVERSION = YES;
				CLANG_WARN_CONSTANT_CONVERSION = YES;
				CLANG_WARN_DIRECT_OBJC_ISA_USAGE = YES_ERROR;
				CLANG_WARN_EMPTY_BODY = YES;
				CLANG_WARN_ENUM_CONVERSION = YES;
				CLANG_WARN_INT_CONVERSION = YES;
				CLANG_WARN_OBJC_ROOT_CLASS = YES_ERROR;
				CLANG_WARN_UNREACHABLE_CODE = YES;
				CLANG_WARN__DUPLICATE_METHOD_MATCH = YES;
				"CODE_SIGN_IDENTITY[sdk=iphoneos*]" = "iPhone Developer";
				COPY_PHASE_STRIP = NO;
				DEBUG_INFORMATION_FORMAT = "dwarf-with-dsym";
				ENABLE_NS_ASSERTIONS = NO;
				ENABLE_STRICT_OBJC_MSGSEND = YES;
				GCC_C_LANGUAGE_STANDARD = gnu99;
				GCC_NO_COMMON_BLOCKS = YES;
				GCC_WARN_64_TO_32_BIT_CONVERSION = YES;
				GCC_WARN_ABOUT_RETURN_TYPE = YES_ERROR;
				GCC_WARN_UNDECLARED_SELECTOR = YES;
				GCC_WARN_UNINITIALIZED_AUTOS = YES_AGGRESSIVE;
				GCC_WARN_UNUSED_FUNCTION = YES;
				GCC_WARN_UNUSED_VARIABLE = YES;
				IPHONEOS_DEPLOYMENT_TARGET = 8.4;
				MTL_ENABLE_DEBUG_INFO = NO;
				SDKROOT = iphoneos;
				TARGETED_DEVICE_FAMILY = "1,2";
				VALIDATE_PRODUCT = YES;
			};
			name = Release;
		};
		3CB9742D1BA88FAF00A159D4 /* Debug */ = {
			isa = XCBuildConfiguration;
			buildSettings = {
				ASSETCATALOG_COMPILER_APPICON_NAME = AppIcon;
				CODE_SIGN_IDENTITY = "iPhone Developer";
				"CODE_SIGN_IDENTITY[sdk=iphoneos*]" = "iPhone Developer";
				INFOPLIST_FILE = "mNectar SDK Demo/Info.plist";
				IPHONEOS_DEPLOYMENT_TARGET = 7.0;
				LD_RUNPATH_SEARCH_PATHS = "$(inherited) @executable_path/Frameworks";
				PRODUCT_NAME = "$(TARGET_NAME)";
				PROVISIONING_PROFILE = "";
			};
			name = Debug;
		};
		3CB9742E1BA88FAF00A159D4 /* Release */ = {
			isa = XCBuildConfiguration;
			buildSettings = {
				ASSETCATALOG_COMPILER_APPICON_NAME = AppIcon;
				CODE_SIGN_IDENTITY = "iPhone Developer";
				"CODE_SIGN_IDENTITY[sdk=iphoneos*]" = "iPhone Developer";
				INFOPLIST_FILE = "mNectar SDK Demo/Info.plist";
				IPHONEOS_DEPLOYMENT_TARGET = 7.0;
				LD_RUNPATH_SEARCH_PATHS = "$(inherited) @executable_path/Frameworks";
				PRODUCT_NAME = "$(TARGET_NAME)";
				PROVISIONING_PROFILE = "";
			};
			name = Release;
		};
		3CB974301BA88FAF00A159D4 /* Debug */ = {
			isa = XCBuildConfiguration;
			buildSettings = {
				BUNDLE_LOADER = "$(TEST_HOST)";
				FRAMEWORK_SEARCH_PATHS = (
					"$(SDKROOT)/Developer/Library/Frameworks",
					"$(inherited)",
				);
				GCC_PREPROCESSOR_DEFINITIONS = (
					"DEBUG=1",
					"$(inherited)",
				);
				INFOPLIST_FILE = "mNectar SDK DemoTests/Info.plist";
				LD_RUNPATH_SEARCH_PATHS = "$(inherited) @executable_path/Frameworks @loader_path/Frameworks";
				PRODUCT_NAME = "$(TARGET_NAME)";
				TEST_HOST = "$(BUILT_PRODUCTS_DIR)/mNectar SDK Demo.app/mNectar SDK Demo";
			};
			name = Debug;
		};
		3CB974311BA88FAF00A159D4 /* Release */ = {
			isa = XCBuildConfiguration;
			buildSettings = {
				BUNDLE_LOADER = "$(TEST_HOST)";
				FRAMEWORK_SEARCH_PATHS = (
					"$(SDKROOT)/Developer/Library/Frameworks",
					"$(inherited)",
				);
				INFOPLIST_FILE = "mNectar SDK DemoTests/Info.plist";
				LD_RUNPATH_SEARCH_PATHS = "$(inherited) @executable_path/Frameworks @loader_path/Frameworks";
				PRODUCT_NAME = "$(TARGET_NAME)";
				TEST_HOST = "$(BUILT_PRODUCTS_DIR)/mNectar SDK Demo.app/mNectar SDK Demo";
			};
			name = Release;
		};
/* End XCBuildConfiguration section */

/* Begin XCConfigurationList section */
		3CB974041BA88FAE00A159D4 /* Build configuration list for PBXProject "mNectar SDK Demo" */ = {
			isa = XCConfigurationList;
			buildConfigurations = (
				3CB9742A1BA88FAE00A159D4 /* Debug */,
				3CB9742B1BA88FAE00A159D4 /* Release */,
			);
			defaultConfigurationIsVisible = 0;
			defaultConfigurationName = Release;
		};
		3CB9742C1BA88FAF00A159D4 /* Build configuration list for PBXNativeTarget "mNectar SDK Demo" */ = {
			isa = XCConfigurationList;
			buildConfigurations = (
				3CB9742D1BA88FAF00A159D4 /* Debug */,
				3CB9742E1BA88FAF00A159D4 /* Release */,
			);
			defaultConfigurationIsVisible = 0;
			defaultConfigurationName = Release;
		};
		3CB9742F1BA88FAF00A159D4 /* Build configuration list for PBXNativeTarget "mNectar SDK DemoTests" */ = {
			isa = XCConfigurationList;
			buildConfigurations = (
				3CB974301BA88FAF00A159D4 /* Debug */,
				3CB974311BA88FAF00A159D4 /* Release */,
			);
			defaultConfigurationIsVisible = 0;
			defaultConfigurationName = Release;
		};
/* End XCConfigurationList section */
	};
	rootObject = 3CB974011BA88FAE00A159D4 /* Project object */;
}
